// !$*UTF8*$!
{
	archiveVersion = 1;
	classes = {
	};
	objectVersion = 56;
	objects = {

/* Begin PBXBuildFile section */
		570276932A859ADB0097840C /* AppDelegate.swift in Sources */ = {isa = PBXBuildFile; fileRef = 570276922A859ADB0097840C /* AppDelegate.swift */; };
		570276952A859ADB0097840C /* SceneDelegate.swift in Sources */ = {isa = PBXBuildFile; fileRef = 570276942A859ADB0097840C /* SceneDelegate.swift */; };
		5702769C2A859ADE0097840C /* Assets.xcassets in Resources */ = {isa = PBXBuildFile; fileRef = 5702769B2A859ADE0097840C /* Assets.xcassets */; };
		5702769F2A859ADE0097840C /* LaunchScreen.storyboard in Resources */ = {isa = PBXBuildFile; fileRef = 5702769D2A859ADE0097840C /* LaunchScreen.storyboard */; };
		570276AA2A859ADE0097840C /* ViajAITests.swift in Sources */ = {isa = PBXBuildFile; fileRef = 570276A92A859ADE0097840C /* ViajAITests.swift */; };
		570276B42A859ADE0097840C /* ViajAIUITests.swift in Sources */ = {isa = PBXBuildFile; fileRef = 570276B32A859ADE0097840C /* ViajAIUITests.swift */; };
		570276B62A859ADE0097840C /* ViajAIUITestsLaunchTests.swift in Sources */ = {isa = PBXBuildFile; fileRef = 570276B52A859ADE0097840C /* ViajAIUITestsLaunchTests.swift */; };
		571A3C8B2AEDA37800F181B8 /* GoogleSignIn in Frameworks */ = {isa = PBXBuildFile; productRef = 571A3C8A2AEDA37800F181B8 /* GoogleSignIn */; };
		571A3C8D2AEDA37800F181B8 /* GoogleSignInSwift in Frameworks */ = {isa = PBXBuildFile; productRef = 571A3C8C2AEDA37800F181B8 /* GoogleSignInSwift */; };
		571A3C8F2AEDA3A200F181B8 /* GoogleService-Info.plist in Resources */ = {isa = PBXBuildFile; fileRef = 571A3C8E2AEDA3A200F181B8 /* GoogleService-Info.plist */; };
		5725BC432ACD024A00270D9D /* DetailsDestination.swift in Sources */ = {isa = PBXBuildFile; fileRef = 5725BC422ACD024A00270D9D /* DetailsDestination.swift */; };
		5725BC452ACD027500270D9D /* Destination.swift in Sources */ = {isa = PBXBuildFile; fileRef = 5725BC442ACD027500270D9D /* Destination.swift */; };
		5725BC4B2ACD0C3100270D9D /* RegisterViewController.storyboard in Resources */ = {isa = PBXBuildFile; fileRef = 5725BC492ACD0C3100270D9D /* RegisterViewController.storyboard */; };
		5725BC4C2ACD0C3100270D9D /* RegisterViewController.swift in Sources */ = {isa = PBXBuildFile; fileRef = 5725BC4A2ACD0C3100270D9D /* RegisterViewController.swift */; };
		5725BC502ACD0DF800270D9D /* DetailsViewController.storyboard in Resources */ = {isa = PBXBuildFile; fileRef = 5725BC4E2ACD0DF800270D9D /* DetailsViewController.storyboard */; };
		5725BC512ACD0DF800270D9D /* DetailsViewController.swift in Sources */ = {isa = PBXBuildFile; fileRef = 5725BC4F2ACD0DF800270D9D /* DetailsViewController.swift */; };
		5725BC592ACD11A200270D9D /* FavoritesViewController.swift in Sources */ = {isa = PBXBuildFile; fileRef = 5725BC582ACD11A200270D9D /* FavoritesViewController.swift */; };
		5725BC5B2ACD11B200270D9D /* FavoritesViewController.storyboard in Resources */ = {isa = PBXBuildFile; fileRef = 5725BC5A2ACD11B200270D9D /* FavoritesViewController.storyboard */; };
		5725BC5E2ACD125C00270D9D /* MapViewController.swift in Sources */ = {isa = PBXBuildFile; fileRef = 5725BC5D2ACD125C00270D9D /* MapViewController.swift */; };
		5725BC602ACD126800270D9D /* MapViewController.storyboard in Resources */ = {isa = PBXBuildFile; fileRef = 5725BC5F2ACD126800270D9D /* MapViewController.storyboard */; };
		573FC6172ACCE5790041EFAE /* LoginViewController.swift in Sources */ = {isa = PBXBuildFile; fileRef = 573FC6162ACCE5790041EFAE /* LoginViewController.swift */; };
		573FC6192ACCE5D80041EFAE /* LoginViewController.storyboard in Resources */ = {isa = PBXBuildFile; fileRef = 573FC6182ACCE5D80041EFAE /* LoginViewController.storyboard */; };
		573FC61C2ACCEE040041EFAE /* TabBarController.swift in Sources */ = {isa = PBXBuildFile; fileRef = 573FC61B2ACCEE040041EFAE /* TabBarController.swift */; };
		573FC61E2ACCEE110041EFAE /* TabBarController.storyboard in Resources */ = {isa = PBXBuildFile; fileRef = 573FC61D2ACCEE110041EFAE /* TabBarController.storyboard */; };
		573FC62A2ACCF2010041EFAE /* SearchViewController.swift in Sources */ = {isa = PBXBuildFile; fileRef = 573FC6202ACCF2010041EFAE /* SearchViewController.swift */; };
		573FC62B2ACCF2010041EFAE /* SearchViewController.storyboard in Resources */ = {isa = PBXBuildFile; fileRef = 573FC6212ACCF2010041EFAE /* SearchViewController.storyboard */; };
		573FC62C2ACCF2010041EFAE /* CategorySelection.swift in Sources */ = {isa = PBXBuildFile; fileRef = 573FC6232ACCF2010041EFAE /* CategorySelection.swift */; };
		573FC62D2ACCF2010041EFAE /* CategoryCollectionViewCell.swift in Sources */ = {isa = PBXBuildFile; fileRef = 573FC6252ACCF2010041EFAE /* CategoryCollectionViewCell.swift */; };
		573FC62E2ACCF2010041EFAE /* CategoryCollectionViewCell.xib in Resources */ = {isa = PBXBuildFile; fileRef = 573FC6262ACCF2010041EFAE /* CategoryCollectionViewCell.xib */; };
		573FC62F2ACCF2010041EFAE /* CategoriesViewController.swift in Sources */ = {isa = PBXBuildFile; fileRef = 573FC6282ACCF2010041EFAE /* CategoriesViewController.swift */; };
		573FC6302ACCF2010041EFAE /* CategoriesViewController.storyboard in Resources */ = {isa = PBXBuildFile; fileRef = 573FC6292ACCF2010041EFAE /* CategoriesViewController.storyboard */; };
		573FC6332ACCF22D0041EFAE /* Category.swift in Sources */ = {isa = PBXBuildFile; fileRef = 573FC6322ACCF22D0041EFAE /* Category.swift */; };
		573FC6362ACCF2450041EFAE /* AddDoneButtonToTextField.swift in Sources */ = {isa = PBXBuildFile; fileRef = 573FC6352ACCF2450041EFAE /* AddDoneButtonToTextField.swift */; };
		5748E6992AEDD9EE00A93BB3 /* FacebookBasics in Frameworks */ = {isa = PBXBuildFile; productRef = 5748E6982AEDD9EE00A93BB3 /* FacebookBasics */; };
		5748E69B2AEDD9EE00A93BB3 /* FacebookCore in Frameworks */ = {isa = PBXBuildFile; productRef = 5748E69A2AEDD9EE00A93BB3 /* FacebookCore */; };
		5748E69D2AEDD9EE00A93BB3 /* FacebookLogin in Frameworks */ = {isa = PBXBuildFile; productRef = 5748E69C2AEDD9EE00A93BB3 /* FacebookLogin */; };
		5799F4812AEEB35B0073FEEC /* LoginViewModel.swift in Sources */ = {isa = PBXBuildFile; fileRef = 5799F4802AEEB35B0073FEEC /* LoginViewModel.swift */; };
		57AE3CC02AEEE82800102948 /* RootNavigationController.swift in Sources */ = {isa = PBXBuildFile; fileRef = 57AE3CBF2AEEE82800102948 /* RootNavigationController.swift */; };
		57F645C52AE4140300E571DB /* FirebaseAuth in Frameworks */ = {isa = PBXBuildFile; productRef = 57F645C42AE4140300E571DB /* FirebaseAuth */; };
		57F645C82AE4206B00E571DB /* Alert.swift in Sources */ = {isa = PBXBuildFile; fileRef = 57F645C72AE4206B00E571DB /* Alert.swift */; };
		644051C82AC8EEDB0090BDB6 /* ListDestinationViewController.swift in Sources */ = {isa = PBXBuildFile; fileRef = 644051C72AC8EEDB0090BDB6 /* ListDestinationViewController.swift */; };
		644051CA2AC8EF120090BDB6 /* ListDestinationViewController.storyboard in Resources */ = {isa = PBXBuildFile; fileRef = 644051C92AC8EF120090BDB6 /* ListDestinationViewController.storyboard */; };
		6449A7E82ACB87E700427391 /* TilteListDesinationTableViewCell.swift in Sources */ = {isa = PBXBuildFile; fileRef = 6449A7E62ACB87E700427391 /* TilteListDesinationTableViewCell.swift */; };
		6449A7E92ACB87E700427391 /* TilteListDesinationTableViewCell.xib in Resources */ = {isa = PBXBuildFile; fileRef = 6449A7E72ACB87E700427391 /* TilteListDesinationTableViewCell.xib */; };
		6449A7EB2ACBB10300427391 /* SplashScreenViewController.storyboard in Resources */ = {isa = PBXBuildFile; fileRef = 6449A7EA2ACBB10300427391 /* SplashScreenViewController.storyboard */; };
		64BB5F732AAFDDB000082423 /* SplashScreenViewController.swift in Sources */ = {isa = PBXBuildFile; fileRef = 64BB5F722AAFDDB000082423 /* SplashScreenViewController.swift */; };
		64DA6C502AC9D87300D19434 /* ListDestination.swift in Sources */ = {isa = PBXBuildFile; fileRef = 64DA6C4F2AC9D87300D19434 /* ListDestination.swift */; };
		64EA904F2AFC0987006C666E /* VerificationViewController.swift in Sources */ = {isa = PBXBuildFile; fileRef = 64EA904C2AFC0987006C666E /* VerificationViewController.swift */; };
		64EA90502AFC0987006C666E /* VerificationViewStoryboard.storyboard in Resources */ = {isa = PBXBuildFile; fileRef = 64EA904D2AFC0987006C666E /* VerificationViewStoryboard.storyboard */; };
		64EA90532AFC0A65006C666E /* VerificationViewModel.swift in Sources */ = {isa = PBXBuildFile; fileRef = 64EA90522AFC0A65006C666E /* VerificationViewModel.swift */; };
		64EA90552AFC0B4D006C666E /* VerificationCode.swift in Sources */ = {isa = PBXBuildFile; fileRef = 64EA90542AFC0B4D006C666E /* VerificationCode.swift */; };
		64EF70562AC8FA4000FBF6EE /* ListDestinationTableViewCell.swift in Sources */ = {isa = PBXBuildFile; fileRef = 64EF70542AC8FA4000FBF6EE /* ListDestinationTableViewCell.swift */; };
		64EF70572AC8FA4000FBF6EE /* ListDestinationTableViewCell.xib in Resources */ = {isa = PBXBuildFile; fileRef = 64EF70552AC8FA4000FBF6EE /* ListDestinationTableViewCell.xib */; };
		DFCC464A2ACCF8490096A64F /* HomeCollectionViewCell.swift in Sources */ = {isa = PBXBuildFile; fileRef = DFCC46422ACCF8490096A64F /* HomeCollectionViewCell.swift */; };
		DFCC464B2ACCF8490096A64F /* HomeCollectionViewCell.xib in Resources */ = {isa = PBXBuildFile; fileRef = DFCC46432ACCF8490096A64F /* HomeCollectionViewCell.xib */; };
		DFCC464C2ACCF8490096A64F /* HomeTableViewCell.swift in Sources */ = {isa = PBXBuildFile; fileRef = DFCC46452ACCF8490096A64F /* HomeTableViewCell.swift */; };
		DFCC464D2ACCF8490096A64F /* HomeTableViewCell.xib in Resources */ = {isa = PBXBuildFile; fileRef = DFCC46462ACCF8490096A64F /* HomeTableViewCell.xib */; };
		DFCC464E2ACCF8490096A64F /* HomeViewController.swift in Sources */ = {isa = PBXBuildFile; fileRef = DFCC46482ACCF8490096A64F /* HomeViewController.swift */; };
		DFCC464F2ACCF8490096A64F /* HomeViewController.storyboard in Resources */ = {isa = PBXBuildFile; fileRef = DFCC46492ACCF8490096A64F /* HomeViewController.storyboard */; };
		DFCC46562ACCFB2F0096A64F /* PerfilViewController.swift in Sources */ = {isa = PBXBuildFile; fileRef = DFCC46552ACCFB2F0096A64F /* PerfilViewController.swift */; };
		DFCC46582ACCFB420096A64F /* PerfilViewController.storyboard in Resources */ = {isa = PBXBuildFile; fileRef = DFCC46572ACCFB420096A64F /* PerfilViewController.storyboard */; };
/* End PBXBuildFile section */

/* Begin PBXContainerItemProxy section */
		570276A62A859ADE0097840C /* PBXContainerItemProxy */ = {
			isa = PBXContainerItemProxy;
			containerPortal = 570276872A859ADB0097840C /* Project object */;
			proxyType = 1;
			remoteGlobalIDString = 5702768E2A859ADB0097840C;
			remoteInfo = ViajAI;
		};
		570276B02A859ADE0097840C /* PBXContainerItemProxy */ = {
			isa = PBXContainerItemProxy;
			containerPortal = 570276872A859ADB0097840C /* Project object */;
			proxyType = 1;
			remoteGlobalIDString = 5702768E2A859ADB0097840C;
			remoteInfo = ViajAI;
		};
/* End PBXContainerItemProxy section */

/* Begin PBXFileReference section */
		5702768F2A859ADB0097840C /* ViajAI.app */ = {isa = PBXFileReference; explicitFileType = wrapper.application; includeInIndex = 0; path = ViajAI.app; sourceTree = BUILT_PRODUCTS_DIR; };
		570276922A859ADB0097840C /* AppDelegate.swift */ = {isa = PBXFileReference; lastKnownFileType = sourcecode.swift; path = AppDelegate.swift; sourceTree = "<group>"; };
		570276942A859ADB0097840C /* SceneDelegate.swift */ = {isa = PBXFileReference; lastKnownFileType = sourcecode.swift; path = SceneDelegate.swift; sourceTree = "<group>"; };
		5702769B2A859ADE0097840C /* Assets.xcassets */ = {isa = PBXFileReference; lastKnownFileType = folder.assetcatalog; path = Assets.xcassets; sourceTree = "<group>"; };
		5702769E2A859ADE0097840C /* Base */ = {isa = PBXFileReference; lastKnownFileType = file.storyboard; name = Base; path = Base.lproj/LaunchScreen.storyboard; sourceTree = "<group>"; };
		570276A02A859ADE0097840C /* Info.plist */ = {isa = PBXFileReference; lastKnownFileType = text.plist.xml; path = Info.plist; sourceTree = "<group>"; };
		570276A52A859ADE0097840C /* ViajAITests.xctest */ = {isa = PBXFileReference; explicitFileType = wrapper.cfbundle; includeInIndex = 0; path = ViajAITests.xctest; sourceTree = BUILT_PRODUCTS_DIR; };
		570276A92A859ADE0097840C /* ViajAITests.swift */ = {isa = PBXFileReference; lastKnownFileType = sourcecode.swift; path = ViajAITests.swift; sourceTree = "<group>"; };
		570276AF2A859ADE0097840C /* ViajAIUITests.xctest */ = {isa = PBXFileReference; explicitFileType = wrapper.cfbundle; includeInIndex = 0; path = ViajAIUITests.xctest; sourceTree = BUILT_PRODUCTS_DIR; };
		570276B32A859ADE0097840C /* ViajAIUITests.swift */ = {isa = PBXFileReference; lastKnownFileType = sourcecode.swift; path = ViajAIUITests.swift; sourceTree = "<group>"; };
		570276B52A859ADE0097840C /* ViajAIUITestsLaunchTests.swift */ = {isa = PBXFileReference; lastKnownFileType = sourcecode.swift; path = ViajAIUITestsLaunchTests.swift; sourceTree = "<group>"; };
		571A3C8E2AEDA3A200F181B8 /* GoogleService-Info.plist */ = {isa = PBXFileReference; fileEncoding = 4; lastKnownFileType = text.plist.xml; path = "GoogleService-Info.plist"; sourceTree = "<group>"; };
		5725BC422ACD024A00270D9D /* DetailsDestination.swift */ = {isa = PBXFileReference; lastKnownFileType = sourcecode.swift; path = DetailsDestination.swift; sourceTree = "<group>"; };
		5725BC442ACD027500270D9D /* Destination.swift */ = {isa = PBXFileReference; fileEncoding = 4; lastKnownFileType = sourcecode.swift; path = Destination.swift; sourceTree = "<group>"; };
		5725BC492ACD0C3100270D9D /* RegisterViewController.storyboard */ = {isa = PBXFileReference; fileEncoding = 4; lastKnownFileType = file.storyboard; path = RegisterViewController.storyboard; sourceTree = "<group>"; };
		5725BC4A2ACD0C3100270D9D /* RegisterViewController.swift */ = {isa = PBXFileReference; fileEncoding = 4; lastKnownFileType = sourcecode.swift; path = RegisterViewController.swift; sourceTree = "<group>"; };
		5725BC4E2ACD0DF800270D9D /* DetailsViewController.storyboard */ = {isa = PBXFileReference; fileEncoding = 4; lastKnownFileType = file.storyboard; path = DetailsViewController.storyboard; sourceTree = "<group>"; };
		5725BC4F2ACD0DF800270D9D /* DetailsViewController.swift */ = {isa = PBXFileReference; fileEncoding = 4; lastKnownFileType = sourcecode.swift; path = DetailsViewController.swift; sourceTree = "<group>"; };
		5725BC582ACD11A200270D9D /* FavoritesViewController.swift */ = {isa = PBXFileReference; fileEncoding = 4; lastKnownFileType = sourcecode.swift; path = FavoritesViewController.swift; sourceTree = "<group>"; };
		5725BC5A2ACD11B200270D9D /* FavoritesViewController.storyboard */ = {isa = PBXFileReference; lastKnownFileType = file.storyboard; path = FavoritesViewController.storyboard; sourceTree = "<group>"; };
		5725BC5D2ACD125C00270D9D /* MapViewController.swift */ = {isa = PBXFileReference; lastKnownFileType = sourcecode.swift; path = MapViewController.swift; sourceTree = "<group>"; };
		5725BC5F2ACD126800270D9D /* MapViewController.storyboard */ = {isa = PBXFileReference; lastKnownFileType = file.storyboard; path = MapViewController.storyboard; sourceTree = "<group>"; };
		573FC6162ACCE5790041EFAE /* LoginViewController.swift */ = {isa = PBXFileReference; lastKnownFileType = sourcecode.swift; path = LoginViewController.swift; sourceTree = "<group>"; };
		573FC6182ACCE5D80041EFAE /* LoginViewController.storyboard */ = {isa = PBXFileReference; lastKnownFileType = file.storyboard; path = LoginViewController.storyboard; sourceTree = "<group>"; };
		573FC61B2ACCEE040041EFAE /* TabBarController.swift */ = {isa = PBXFileReference; lastKnownFileType = sourcecode.swift; path = TabBarController.swift; sourceTree = "<group>"; };
		573FC61D2ACCEE110041EFAE /* TabBarController.storyboard */ = {isa = PBXFileReference; lastKnownFileType = file.storyboard; path = TabBarController.storyboard; sourceTree = "<group>"; };
		573FC6202ACCF2010041EFAE /* SearchViewController.swift */ = {isa = PBXFileReference; fileEncoding = 4; lastKnownFileType = sourcecode.swift; path = SearchViewController.swift; sourceTree = "<group>"; };
		573FC6212ACCF2010041EFAE /* SearchViewController.storyboard */ = {isa = PBXFileReference; fileEncoding = 4; lastKnownFileType = file.storyboard; path = SearchViewController.storyboard; sourceTree = "<group>"; };
		573FC6232ACCF2010041EFAE /* CategorySelection.swift */ = {isa = PBXFileReference; fileEncoding = 4; lastKnownFileType = sourcecode.swift; path = CategorySelection.swift; sourceTree = "<group>"; };
		573FC6252ACCF2010041EFAE /* CategoryCollectionViewCell.swift */ = {isa = PBXFileReference; fileEncoding = 4; lastKnownFileType = sourcecode.swift; path = CategoryCollectionViewCell.swift; sourceTree = "<group>"; };
		573FC6262ACCF2010041EFAE /* CategoryCollectionViewCell.xib */ = {isa = PBXFileReference; fileEncoding = 4; lastKnownFileType = file.xib; path = CategoryCollectionViewCell.xib; sourceTree = "<group>"; };
		573FC6282ACCF2010041EFAE /* CategoriesViewController.swift */ = {isa = PBXFileReference; fileEncoding = 4; lastKnownFileType = sourcecode.swift; path = CategoriesViewController.swift; sourceTree = "<group>"; };
		573FC6292ACCF2010041EFAE /* CategoriesViewController.storyboard */ = {isa = PBXFileReference; fileEncoding = 4; lastKnownFileType = file.storyboard; path = CategoriesViewController.storyboard; sourceTree = "<group>"; };
		573FC6322ACCF22D0041EFAE /* Category.swift */ = {isa = PBXFileReference; fileEncoding = 4; lastKnownFileType = sourcecode.swift; path = Category.swift; sourceTree = "<group>"; };
		573FC6352ACCF2450041EFAE /* AddDoneButtonToTextField.swift */ = {isa = PBXFileReference; fileEncoding = 4; lastKnownFileType = sourcecode.swift; path = AddDoneButtonToTextField.swift; sourceTree = "<group>"; };
		5799F4802AEEB35B0073FEEC /* LoginViewModel.swift */ = {isa = PBXFileReference; lastKnownFileType = sourcecode.swift; path = LoginViewModel.swift; sourceTree = "<group>"; };
		57AE3CBF2AEEE82800102948 /* RootNavigationController.swift */ = {isa = PBXFileReference; lastKnownFileType = sourcecode.swift; path = RootNavigationController.swift; sourceTree = "<group>"; };
		57F645C72AE4206B00E571DB /* Alert.swift */ = {isa = PBXFileReference; lastKnownFileType = sourcecode.swift; path = Alert.swift; sourceTree = "<group>"; };
		644051C72AC8EEDB0090BDB6 /* ListDestinationViewController.swift */ = {isa = PBXFileReference; lastKnownFileType = sourcecode.swift; path = ListDestinationViewController.swift; sourceTree = "<group>"; };
		644051C92AC8EF120090BDB6 /* ListDestinationViewController.storyboard */ = {isa = PBXFileReference; lastKnownFileType = file.storyboard; path = ListDestinationViewController.storyboard; sourceTree = "<group>"; };
		6449A7E62ACB87E700427391 /* TilteListDesinationTableViewCell.swift */ = {isa = PBXFileReference; lastKnownFileType = sourcecode.swift; path = TilteListDesinationTableViewCell.swift; sourceTree = "<group>"; };
		6449A7E72ACB87E700427391 /* TilteListDesinationTableViewCell.xib */ = {isa = PBXFileReference; lastKnownFileType = file.xib; path = TilteListDesinationTableViewCell.xib; sourceTree = "<group>"; };
		6449A7EA2ACBB10300427391 /* SplashScreenViewController.storyboard */ = {isa = PBXFileReference; lastKnownFileType = file.storyboard; path = SplashScreenViewController.storyboard; sourceTree = "<group>"; };
		64BB5F722AAFDDB000082423 /* SplashScreenViewController.swift */ = {isa = PBXFileReference; lastKnownFileType = sourcecode.swift; path = SplashScreenViewController.swift; sourceTree = "<group>"; };
		64DA6C4F2AC9D87300D19434 /* ListDestination.swift */ = {isa = PBXFileReference; lastKnownFileType = sourcecode.swift; path = ListDestination.swift; sourceTree = "<group>"; };
		64EA904C2AFC0987006C666E /* VerificationViewController.swift */ = {isa = PBXFileReference; fileEncoding = 4; lastKnownFileType = sourcecode.swift; path = VerificationViewController.swift; sourceTree = "<group>"; };
		64EA904D2AFC0987006C666E /* VerificationViewStoryboard.storyboard */ = {isa = PBXFileReference; fileEncoding = 4; lastKnownFileType = file.storyboard; path = VerificationViewStoryboard.storyboard; sourceTree = "<group>"; };
		64EA90522AFC0A65006C666E /* VerificationViewModel.swift */ = {isa = PBXFileReference; fileEncoding = 4; lastKnownFileType = sourcecode.swift; path = VerificationViewModel.swift; sourceTree = "<group>"; };
		64EA90542AFC0B4D006C666E /* VerificationCode.swift */ = {isa = PBXFileReference; fileEncoding = 4; lastKnownFileType = sourcecode.swift; path = VerificationCode.swift; sourceTree = "<group>"; };
		64EF70542AC8FA4000FBF6EE /* ListDestinationTableViewCell.swift */ = {isa = PBXFileReference; lastKnownFileType = sourcecode.swift; path = ListDestinationTableViewCell.swift; sourceTree = "<group>"; };
		64EF70552AC8FA4000FBF6EE /* ListDestinationTableViewCell.xib */ = {isa = PBXFileReference; lastKnownFileType = file.xib; path = ListDestinationTableViewCell.xib; sourceTree = "<group>"; };
		DFCC46422ACCF8490096A64F /* HomeCollectionViewCell.swift */ = {isa = PBXFileReference; fileEncoding = 4; lastKnownFileType = sourcecode.swift; path = HomeCollectionViewCell.swift; sourceTree = "<group>"; };
		DFCC46432ACCF8490096A64F /* HomeCollectionViewCell.xib */ = {isa = PBXFileReference; fileEncoding = 4; lastKnownFileType = file.xib; path = HomeCollectionViewCell.xib; sourceTree = "<group>"; };
		DFCC46452ACCF8490096A64F /* HomeTableViewCell.swift */ = {isa = PBXFileReference; fileEncoding = 4; lastKnownFileType = sourcecode.swift; path = HomeTableViewCell.swift; sourceTree = "<group>"; };
		DFCC46462ACCF8490096A64F /* HomeTableViewCell.xib */ = {isa = PBXFileReference; fileEncoding = 4; lastKnownFileType = file.xib; path = HomeTableViewCell.xib; sourceTree = "<group>"; };
		DFCC46482ACCF8490096A64F /* HomeViewController.swift */ = {isa = PBXFileReference; fileEncoding = 4; lastKnownFileType = sourcecode.swift; path = HomeViewController.swift; sourceTree = "<group>"; };
		DFCC46492ACCF8490096A64F /* HomeViewController.storyboard */ = {isa = PBXFileReference; fileEncoding = 4; lastKnownFileType = file.storyboard; path = HomeViewController.storyboard; sourceTree = "<group>"; };
		DFCC46552ACCFB2F0096A64F /* PerfilViewController.swift */ = {isa = PBXFileReference; lastKnownFileType = sourcecode.swift; path = PerfilViewController.swift; sourceTree = "<group>"; };
		DFCC46572ACCFB420096A64F /* PerfilViewController.storyboard */ = {isa = PBXFileReference; lastKnownFileType = file.storyboard; path = PerfilViewController.storyboard; sourceTree = "<group>"; };
/* End PBXFileReference section */

/* Begin PBXFrameworksBuildPhase section */
		5702768C2A859ADB0097840C /* Frameworks */ = {
			isa = PBXFrameworksBuildPhase;
			buildActionMask = 2147483647;
			files = (
				571A3C8D2AEDA37800F181B8 /* GoogleSignInSwift in Frameworks */,
				5748E69B2AEDD9EE00A93BB3 /* FacebookCore in Frameworks */,
				5748E69D2AEDD9EE00A93BB3 /* FacebookLogin in Frameworks */,
				5748E6992AEDD9EE00A93BB3 /* FacebookBasics in Frameworks */,
				57F645C52AE4140300E571DB /* FirebaseAuth in Frameworks */,
				571A3C8B2AEDA37800F181B8 /* GoogleSignIn in Frameworks */,
			);
			runOnlyForDeploymentPostprocessing = 0;
		};
		570276A22A859ADE0097840C /* Frameworks */ = {
			isa = PBXFrameworksBuildPhase;
			buildActionMask = 2147483647;
			files = (
			);
			runOnlyForDeploymentPostprocessing = 0;
		};
		570276AC2A859ADE0097840C /* Frameworks */ = {
			isa = PBXFrameworksBuildPhase;
			buildActionMask = 2147483647;
			files = (
			);
			runOnlyForDeploymentPostprocessing = 0;
		};
/* End PBXFrameworksBuildPhase section */

/* Begin PBXGroup section */
		570276862A859ADB0097840C = {
			isa = PBXGroup;
			children = (
				570276912A859ADB0097840C /* ViajAI */,
				570276A82A859ADE0097840C /* ViajAITests */,
				570276B22A859ADE0097840C /* ViajAIUITests */,
				570276902A859ADB0097840C /* Products */,
			);
			sourceTree = "<group>";
		};
		570276902A859ADB0097840C /* Products */ = {
			isa = PBXGroup;
			children = (
				5702768F2A859ADB0097840C /* ViajAI.app */,
				570276A52A859ADE0097840C /* ViajAITests.xctest */,
				570276AF2A859ADE0097840C /* ViajAIUITests.xctest */,
			);
			name = Products;
			sourceTree = "<group>";
		};
		570276912A859ADB0097840C /* ViajAI */ = {
			isa = PBXGroup;
			children = (
				5725BC412ACD017B00270D9D /* Models */,
				573FC6342ACCF2450041EFAE /* Utilities */,
				573FC61A2ACCEDD30041EFAE /* TabBar */,
				644051C52AC8EE890090BDB6 /* Modules */,
				570276922A859ADB0097840C /* AppDelegate.swift */,
				570276942A859ADB0097840C /* SceneDelegate.swift */,
				5702769B2A859ADE0097840C /* Assets.xcassets */,
				5702769D2A859ADE0097840C /* LaunchScreen.storyboard */,
				571A3C8E2AEDA3A200F181B8 /* GoogleService-Info.plist */,
				570276A02A859ADE0097840C /* Info.plist */,
			);
			path = ViajAI;
			sourceTree = "<group>";
		};
		570276A82A859ADE0097840C /* ViajAITests */ = {
			isa = PBXGroup;
			children = (
				570276A92A859ADE0097840C /* ViajAITests.swift */,
			);
			path = ViajAITests;
			sourceTree = "<group>";
		};
		570276B22A859ADE0097840C /* ViajAIUITests */ = {
			isa = PBXGroup;
			children = (
				570276B32A859ADE0097840C /* ViajAIUITests.swift */,
				570276B52A859ADE0097840C /* ViajAIUITestsLaunchTests.swift */,
			);
			path = ViajAIUITests;
			sourceTree = "<group>";
		};
		5725BC412ACD017B00270D9D /* Models */ = {
			isa = PBXGroup;
			children = (
				573FC6322ACCF22D0041EFAE /* Category.swift */,
				5725BC442ACD027500270D9D /* Destination.swift */,
				5725BC422ACD024A00270D9D /* DetailsDestination.swift */,
				64EA90542AFC0B4D006C666E /* VerificationCode.swift */,
			);
			path = Models;
			sourceTree = "<group>";
		};
		5725BC482ACD0C3100270D9D /* Register */ = {
			isa = PBXGroup;
			children = (
				5725BC492ACD0C3100270D9D /* RegisterViewController.storyboard */,
				5725BC4A2ACD0C3100270D9D /* RegisterViewController.swift */,
			);
			name = Register;
			path = ViajAI/Register;
			sourceTree = SOURCE_ROOT;
		};
		5725BC4D2ACD0DF800270D9D /* Details */ = {
			isa = PBXGroup;
			children = (
				5725BC4E2ACD0DF800270D9D /* DetailsViewController.storyboard */,
				5725BC4F2ACD0DF800270D9D /* DetailsViewController.swift */,
			);
			name = Details;
			path = ViajAI/Details;
			sourceTree = SOURCE_ROOT;
		};
		5725BC522ACD106000270D9D /* Verification */ = {
			isa = PBXGroup;
			children = (
				64EA90512AFC0A65006C666E /* ViewModel */,
				64EA904C2AFC0987006C666E /* VerificationViewController.swift */,
				64EA904D2AFC0987006C666E /* VerificationViewStoryboard.storyboard */,
			);
			path = Verification;
			sourceTree = "<group>";
		};
		5725BC572ACD11A200270D9D /* Favorites */ = {
			isa = PBXGroup;
			children = (
				5725BC582ACD11A200270D9D /* FavoritesViewController.swift */,
				5725BC5A2ACD11B200270D9D /* FavoritesViewController.storyboard */,
			);
			path = Favorites;
			sourceTree = "<group>";
		};
		5725BC5C2ACD124800270D9D /* Map */ = {
			isa = PBXGroup;
			children = (
				5725BC5D2ACD125C00270D9D /* MapViewController.swift */,
				5725BC5F2ACD126800270D9D /* MapViewController.storyboard */,
			);
			path = Map;
			sourceTree = "<group>";
		};
		573FC6152ACCE55A0041EFAE /* Login */ = {
			isa = PBXGroup;
			children = (
				5799F47F2AEEB3410073FEEC /* ViewModel */,
				573FC6162ACCE5790041EFAE /* LoginViewController.swift */,
				573FC6182ACCE5D80041EFAE /* LoginViewController.storyboard */,
			);
			path = Login;
			sourceTree = "<group>";
		};
		573FC61A2ACCEDD30041EFAE /* TabBar */ = {
			isa = PBXGroup;
			children = (
				573FC61B2ACCEE040041EFAE /* TabBarController.swift */,
				573FC61D2ACCEE110041EFAE /* TabBarController.storyboard */,
			);
			path = TabBar;
			sourceTree = "<group>";
		};
		573FC61F2ACCF2010041EFAE /* Search */ = {
			isa = PBXGroup;
			children = (
				573FC6202ACCF2010041EFAE /* SearchViewController.swift */,
				573FC6212ACCF2010041EFAE /* SearchViewController.storyboard */,
				573FC6222ACCF2010041EFAE /* Protocol */,
				573FC6242ACCF2010041EFAE /* Cell */,
				573FC6272ACCF2010041EFAE /* CategoriesActionSheet */,
			);
			path = Search;
			sourceTree = "<group>";
		};
		573FC6222ACCF2010041EFAE /* Protocol */ = {
			isa = PBXGroup;
			children = (
				573FC6232ACCF2010041EFAE /* CategorySelection.swift */,
			);
			path = Protocol;
			sourceTree = "<group>";
		};
		573FC6242ACCF2010041EFAE /* Cell */ = {
			isa = PBXGroup;
			children = (
				573FC6252ACCF2010041EFAE /* CategoryCollectionViewCell.swift */,
				573FC6262ACCF2010041EFAE /* CategoryCollectionViewCell.xib */,
			);
			path = Cell;
			sourceTree = "<group>";
		};
		573FC6272ACCF2010041EFAE /* CategoriesActionSheet */ = {
			isa = PBXGroup;
			children = (
				573FC6282ACCF2010041EFAE /* CategoriesViewController.swift */,
				573FC6292ACCF2010041EFAE /* CategoriesViewController.storyboard */,
			);
			path = CategoriesActionSheet;
			sourceTree = "<group>";
		};
		573FC6342ACCF2450041EFAE /* Utilities */ = {
			isa = PBXGroup;
			children = (
				573FC6352ACCF2450041EFAE /* AddDoneButtonToTextField.swift */,
				57F645C72AE4206B00E571DB /* Alert.swift */,
				57AE3CBF2AEEE82800102948 /* RootNavigationController.swift */,
			);
			path = Utilities;
			sourceTree = "<group>";
		};
		5799F47F2AEEB3410073FEEC /* ViewModel */ = {
			isa = PBXGroup;
			children = (
				5799F4802AEEB35B0073FEEC /* LoginViewModel.swift */,
			);
			path = ViewModel;
			sourceTree = "<group>";
		};
		644051C52AC8EE890090BDB6 /* Modules */ = {
			isa = PBXGroup;
			children = (
				5725BC5C2ACD124800270D9D /* Map */,
				5725BC572ACD11A200270D9D /* Favorites */,
				5725BC522ACD106000270D9D /* Verification */,
				5725BC4D2ACD0DF800270D9D /* Details */,
				5725BC482ACD0C3100270D9D /* Register */,
				573FC61F2ACCF2010041EFAE /* Search */,
				DFCC46542ACCFB170096A64F /* Perfil */,
				DFCC46472ACCF8490096A64F /* Home */,
				573FC6152ACCE55A0041EFAE /* Login */,
				64C337E12AB153A3005278B5 /* SplashScreen */,
				644051C62AC8EEB60090BDB6 /* ListDestination */,
			);
			path = Modules;
			sourceTree = "<group>";
		};
		644051C62AC8EEB60090BDB6 /* ListDestination */ = {
			isa = PBXGroup;
			children = (
				64DA6C4E2AC9D83800D19434 /* Model */,
				64EF70532AC8F9D100FBF6EE /* Cells */,
				644051C72AC8EEDB0090BDB6 /* ListDestinationViewController.swift */,
				644051C92AC8EF120090BDB6 /* ListDestinationViewController.storyboard */,
			);
			path = ListDestination;
			sourceTree = "<group>";
		};
		64C337E12AB153A3005278B5 /* SplashScreen */ = {
			isa = PBXGroup;
			children = (
				64BB5F722AAFDDB000082423 /* SplashScreenViewController.swift */,
				6449A7EA2ACBB10300427391 /* SplashScreenViewController.storyboard */,
			);
			path = SplashScreen;
			sourceTree = "<group>";
		};
		64DA6C4E2AC9D83800D19434 /* Model */ = {
			isa = PBXGroup;
			children = (
				64DA6C4F2AC9D87300D19434 /* ListDestination.swift */,
			);
			path = Model;
			sourceTree = "<group>";
		};
		64EA90512AFC0A65006C666E /* ViewModel */ = {
			isa = PBXGroup;
			children = (
				64EA90522AFC0A65006C666E /* VerificationViewModel.swift */,
			);
			path = ViewModel;
			sourceTree = "<group>";
		};
		64EF70532AC8F9D100FBF6EE /* Cells */ = {
			isa = PBXGroup;
			children = (
				64EF70542AC8FA4000FBF6EE /* ListDestinationTableViewCell.swift */,
				64EF70552AC8FA4000FBF6EE /* ListDestinationTableViewCell.xib */,
				6449A7E62ACB87E700427391 /* TilteListDesinationTableViewCell.swift */,
				6449A7E72ACB87E700427391 /* TilteListDesinationTableViewCell.xib */,
			);
			path = Cells;
			sourceTree = "<group>";
		};
		DFCC46412ACCF8490096A64F /* HomeCollectionViewCell */ = {
			isa = PBXGroup;
			children = (
				DFCC46422ACCF8490096A64F /* HomeCollectionViewCell.swift */,
				DFCC46432ACCF8490096A64F /* HomeCollectionViewCell.xib */,
			);
			name = HomeCollectionViewCell;
			path = ViajAI/Home/HomeCollectionViewCell;
			sourceTree = SOURCE_ROOT;
		};
		DFCC46442ACCF8490096A64F /* HomeTableViewCell */ = {
			isa = PBXGroup;
			children = (
				DFCC46452ACCF8490096A64F /* HomeTableViewCell.swift */,
				DFCC46462ACCF8490096A64F /* HomeTableViewCell.xib */,
			);
			name = HomeTableViewCell;
			path = ViajAI/Home/HomeTableViewCell;
			sourceTree = SOURCE_ROOT;
		};
		DFCC46472ACCF8490096A64F /* Home */ = {
			isa = PBXGroup;
			children = (
				DFCC46412ACCF8490096A64F /* HomeCollectionViewCell */,
				DFCC46442ACCF8490096A64F /* HomeTableViewCell */,
				DFCC46482ACCF8490096A64F /* HomeViewController.swift */,
				DFCC46492ACCF8490096A64F /* HomeViewController.storyboard */,
			);
			name = Home;
			path = ViajAI/Home;
			sourceTree = SOURCE_ROOT;
		};
		DFCC46542ACCFB170096A64F /* Perfil */ = {
			isa = PBXGroup;
			children = (
				DFCC46552ACCFB2F0096A64F /* PerfilViewController.swift */,
				DFCC46572ACCFB420096A64F /* PerfilViewController.storyboard */,
			);
			path = Perfil;
			sourceTree = "<group>";
		};
/* End PBXGroup section */

/* Begin PBXNativeTarget section */
		5702768E2A859ADB0097840C /* ViajAI */ = {
			isa = PBXNativeTarget;
			buildConfigurationList = 570276B92A859ADE0097840C /* Build configuration list for PBXNativeTarget "ViajAI" */;
			buildPhases = (
				5702768B2A859ADB0097840C /* Sources */,
				5702768C2A859ADB0097840C /* Frameworks */,
				5702768D2A859ADB0097840C /* Resources */,
			);
			buildRules = (
			);
			dependencies = (
			);
			name = ViajAI;
			packageProductDependencies = (
				57F645C42AE4140300E571DB /* FirebaseAuth */,
				571A3C8A2AEDA37800F181B8 /* GoogleSignIn */,
				571A3C8C2AEDA37800F181B8 /* GoogleSignInSwift */,
				5748E6982AEDD9EE00A93BB3 /* FacebookBasics */,
				5748E69A2AEDD9EE00A93BB3 /* FacebookCore */,
				5748E69C2AEDD9EE00A93BB3 /* FacebookLogin */,
			);
			productName = ViajAI;
			productReference = 5702768F2A859ADB0097840C /* ViajAI.app */;
			productType = "com.apple.product-type.application";
		};
		570276A42A859ADE0097840C /* ViajAITests */ = {
			isa = PBXNativeTarget;
			buildConfigurationList = 570276BC2A859ADE0097840C /* Build configuration list for PBXNativeTarget "ViajAITests" */;
			buildPhases = (
				570276A12A859ADE0097840C /* Sources */,
				570276A22A859ADE0097840C /* Frameworks */,
				570276A32A859ADE0097840C /* Resources */,
			);
			buildRules = (
			);
			dependencies = (
				570276A72A859ADE0097840C /* PBXTargetDependency */,
			);
			name = ViajAITests;
			productName = ViajAITests;
			productReference = 570276A52A859ADE0097840C /* ViajAITests.xctest */;
			productType = "com.apple.product-type.bundle.unit-test";
		};
		570276AE2A859ADE0097840C /* ViajAIUITests */ = {
			isa = PBXNativeTarget;
			buildConfigurationList = 570276BF2A859ADE0097840C /* Build configuration list for PBXNativeTarget "ViajAIUITests" */;
			buildPhases = (
				570276AB2A859ADE0097840C /* Sources */,
				570276AC2A859ADE0097840C /* Frameworks */,
				570276AD2A859ADE0097840C /* Resources */,
			);
			buildRules = (
			);
			dependencies = (
				570276B12A859ADE0097840C /* PBXTargetDependency */,
			);
			name = ViajAIUITests;
			productName = ViajAIUITests;
			productReference = 570276AF2A859ADE0097840C /* ViajAIUITests.xctest */;
			productType = "com.apple.product-type.bundle.ui-testing";
		};
/* End PBXNativeTarget section */

/* Begin PBXProject section */
		570276872A859ADB0097840C /* Project object */ = {
			isa = PBXProject;
			attributes = {
				BuildIndependentTargetsInParallel = 1;
				LastSwiftUpdateCheck = 1420;
				LastUpgradeCheck = 1420;
				TargetAttributes = {
					5702768E2A859ADB0097840C = {
						CreatedOnToolsVersion = 14.2;
					};
					570276A42A859ADE0097840C = {
						CreatedOnToolsVersion = 14.2;
						TestTargetID = 5702768E2A859ADB0097840C;
					};
					570276AE2A859ADE0097840C = {
						CreatedOnToolsVersion = 14.2;
						TestTargetID = 5702768E2A859ADB0097840C;
					};
				};
			};
			buildConfigurationList = 5702768A2A859ADB0097840C /* Build configuration list for PBXProject "ViajAI" */;
			compatibilityVersion = "Xcode 14.0";
			developmentRegion = en;
			hasScannedForEncodings = 0;
			knownRegions = (
				en,
				Base,
			);
			mainGroup = 570276862A859ADB0097840C;
			packageReferences = (
				57F645C32AE4140300E571DB /* XCRemoteSwiftPackageReference "firebase-ios-sdk" */,
				571A3C892AEDA37800F181B8 /* XCRemoteSwiftPackageReference "GoogleSignIn-iOS" */,
				5748E6972AEDD9EE00A93BB3 /* XCRemoteSwiftPackageReference "facebook-ios-sdk" */,
			);
			productRefGroup = 570276902A859ADB0097840C /* Products */;
			projectDirPath = "";
			projectRoot = "";
			targets = (
				5702768E2A859ADB0097840C /* ViajAI */,
				570276A42A859ADE0097840C /* ViajAITests */,
				570276AE2A859ADE0097840C /* ViajAIUITests */,
			);
		};
/* End PBXProject section */

/* Begin PBXResourcesBuildPhase section */
		5702768D2A859ADB0097840C /* Resources */ = {
			isa = PBXResourcesBuildPhase;
			buildActionMask = 2147483647;
			files = (
				64EA90502AFC0987006C666E /* VerificationViewStoryboard.storyboard in Resources */,
				5725BC502ACD0DF800270D9D /* DetailsViewController.storyboard in Resources */,
				573FC61E2ACCEE110041EFAE /* TabBarController.storyboard in Resources */,
				573FC6192ACCE5D80041EFAE /* LoginViewController.storyboard in Resources */,
				5725BC5B2ACD11B200270D9D /* FavoritesViewController.storyboard in Resources */,
				6449A7E92ACB87E700427391 /* TilteListDesinationTableViewCell.xib in Resources */,
				5725BC4B2ACD0C3100270D9D /* RegisterViewController.storyboard in Resources */,
				573FC62B2ACCF2010041EFAE /* SearchViewController.storyboard in Resources */,
				644051CA2AC8EF120090BDB6 /* ListDestinationViewController.storyboard in Resources */,
				DFCC464F2ACCF8490096A64F /* HomeViewController.storyboard in Resources */,
				5702769F2A859ADE0097840C /* LaunchScreen.storyboard in Resources */,
				DFCC46582ACCFB420096A64F /* PerfilViewController.storyboard in Resources */,
				5702769C2A859ADE0097840C /* Assets.xcassets in Resources */,
				573FC6302ACCF2010041EFAE /* CategoriesViewController.storyboard in Resources */,
				DFCC464D2ACCF8490096A64F /* HomeTableViewCell.xib in Resources */,
				6449A7EB2ACBB10300427391 /* SplashScreenViewController.storyboard in Resources */,
				64EF70572AC8FA4000FBF6EE /* ListDestinationTableViewCell.xib in Resources */,
				573FC62E2ACCF2010041EFAE /* CategoryCollectionViewCell.xib in Resources */,
				DFCC464B2ACCF8490096A64F /* HomeCollectionViewCell.xib in Resources */,
				571A3C8F2AEDA3A200F181B8 /* GoogleService-Info.plist in Resources */,
				5725BC602ACD126800270D9D /* MapViewController.storyboard in Resources */,
			);
			runOnlyForDeploymentPostprocessing = 0;
		};
		570276A32A859ADE0097840C /* Resources */ = {
			isa = PBXResourcesBuildPhase;
			buildActionMask = 2147483647;
			files = (
			);
			runOnlyForDeploymentPostprocessing = 0;
		};
		570276AD2A859ADE0097840C /* Resources */ = {
			isa = PBXResourcesBuildPhase;
			buildActionMask = 2147483647;
			files = (
			);
			runOnlyForDeploymentPostprocessing = 0;
		};
/* End PBXResourcesBuildPhase section */

/* Begin PBXSourcesBuildPhase section */
		5702768B2A859ADB0097840C /* Sources */ = {
			isa = PBXSourcesBuildPhase;
			buildActionMask = 2147483647;
			files = (
				5725BC592ACD11A200270D9D /* FavoritesViewController.swift in Sources */,
				573FC6362ACCF2450041EFAE /* AddDoneButtonToTextField.swift in Sources */,
				64DA6C502AC9D87300D19434 /* ListDestination.swift in Sources */,
				64EA90532AFC0A65006C666E /* VerificationViewModel.swift in Sources */,
				DFCC464E2ACCF8490096A64F /* HomeViewController.swift in Sources */,
				573FC62A2ACCF2010041EFAE /* SearchViewController.swift in Sources */,
				6449A7E82ACB87E700427391 /* TilteListDesinationTableViewCell.swift in Sources */,
				DFCC46562ACCFB2F0096A64F /* PerfilViewController.swift in Sources */,
				573FC61C2ACCEE040041EFAE /* TabBarController.swift in Sources */,
				DFCC464C2ACCF8490096A64F /* HomeTableViewCell.swift in Sources */,
				57AE3CC02AEEE82800102948 /* RootNavigationController.swift in Sources */,
				570276932A859ADB0097840C /* AppDelegate.swift in Sources */,
				5725BC452ACD027500270D9D /* Destination.swift in Sources */,
				64EA904F2AFC0987006C666E /* VerificationViewController.swift in Sources */,
				64EA90552AFC0B4D006C666E /* VerificationCode.swift in Sources */,
				57F645C82AE4206B00E571DB /* Alert.swift in Sources */,
				5725BC512ACD0DF800270D9D /* DetailsViewController.swift in Sources */,
				573FC62D2ACCF2010041EFAE /* CategoryCollectionViewCell.swift in Sources */,
				64BB5F732AAFDDB000082423 /* SplashScreenViewController.swift in Sources */,
				570276952A859ADB0097840C /* SceneDelegate.swift in Sources */,
				5725BC4C2ACD0C3100270D9D /* RegisterViewController.swift in Sources */,
				DFCC464A2ACCF8490096A64F /* HomeCollectionViewCell.swift in Sources */,
				644051C82AC8EEDB0090BDB6 /* ListDestinationViewController.swift in Sources */,
				5799F4812AEEB35B0073FEEC /* LoginViewModel.swift in Sources */,
				573FC6172ACCE5790041EFAE /* LoginViewController.swift in Sources */,
				573FC6332ACCF22D0041EFAE /* Category.swift in Sources */,
				5725BC5E2ACD125C00270D9D /* MapViewController.swift in Sources */,
				573FC62C2ACCF2010041EFAE /* CategorySelection.swift in Sources */,
				573FC62F2ACCF2010041EFAE /* CategoriesViewController.swift in Sources */,
				64EF70562AC8FA4000FBF6EE /* ListDestinationTableViewCell.swift in Sources */,
				5725BC432ACD024A00270D9D /* DetailsDestination.swift in Sources */,
			);
			runOnlyForDeploymentPostprocessing = 0;
		};
		570276A12A859ADE0097840C /* Sources */ = {
			isa = PBXSourcesBuildPhase;
			buildActionMask = 2147483647;
			files = (
				570276AA2A859ADE0097840C /* ViajAITests.swift in Sources */,
			);
			runOnlyForDeploymentPostprocessing = 0;
		};
		570276AB2A859ADE0097840C /* Sources */ = {
			isa = PBXSourcesBuildPhase;
			buildActionMask = 2147483647;
			files = (
				570276B62A859ADE0097840C /* ViajAIUITestsLaunchTests.swift in Sources */,
				570276B42A859ADE0097840C /* ViajAIUITests.swift in Sources */,
			);
			runOnlyForDeploymentPostprocessing = 0;
		};
/* End PBXSourcesBuildPhase section */

/* Begin PBXTargetDependency section */
		570276A72A859ADE0097840C /* PBXTargetDependency */ = {
			isa = PBXTargetDependency;
			target = 5702768E2A859ADB0097840C /* ViajAI */;
			targetProxy = 570276A62A859ADE0097840C /* PBXContainerItemProxy */;
		};
		570276B12A859ADE0097840C /* PBXTargetDependency */ = {
			isa = PBXTargetDependency;
			target = 5702768E2A859ADB0097840C /* ViajAI */;
			targetProxy = 570276B02A859ADE0097840C /* PBXContainerItemProxy */;
		};
/* End PBXTargetDependency section */

/* Begin PBXVariantGroup section */
		5702769D2A859ADE0097840C /* LaunchScreen.storyboard */ = {
			isa = PBXVariantGroup;
			children = (
				5702769E2A859ADE0097840C /* Base */,
			);
			name = LaunchScreen.storyboard;
			sourceTree = "<group>";
		};
/* End PBXVariantGroup section */

/* Begin XCBuildConfiguration section */
		570276B72A859ADE0097840C /* Debug */ = {
			isa = XCBuildConfiguration;
			buildSettings = {
				ALWAYS_SEARCH_USER_PATHS = NO;
				CLANG_ANALYZER_NONNULL = YES;
				CLANG_ANALYZER_NUMBER_OBJECT_CONVERSION = YES_AGGRESSIVE;
				CLANG_CXX_LANGUAGE_STANDARD = "gnu++20";
				CLANG_ENABLE_MODULES = YES;
				CLANG_ENABLE_OBJC_ARC = YES;
				CLANG_ENABLE_OBJC_WEAK = YES;
				CLANG_WARN_BLOCK_CAPTURE_AUTORELEASING = YES;
				CLANG_WARN_BOOL_CONVERSION = YES;
				CLANG_WARN_COMMA = YES;
				CLANG_WARN_CONSTANT_CONVERSION = YES;
				CLANG_WARN_DEPRECATED_OBJC_IMPLEMENTATIONS = YES;
				CLANG_WARN_DIRECT_OBJC_ISA_USAGE = YES_ERROR;
				CLANG_WARN_DOCUMENTATION_COMMENTS = YES;
				CLANG_WARN_EMPTY_BODY = YES;
				CLANG_WARN_ENUM_CONVERSION = YES;
				CLANG_WARN_INFINITE_RECURSION = YES;
				CLANG_WARN_INT_CONVERSION = YES;
				CLANG_WARN_NON_LITERAL_NULL_CONVERSION = YES;
				CLANG_WARN_OBJC_IMPLICIT_RETAIN_SELF = YES;
				CLANG_WARN_OBJC_LITERAL_CONVERSION = YES;
				CLANG_WARN_OBJC_ROOT_CLASS = YES_ERROR;
				CLANG_WARN_QUOTED_INCLUDE_IN_FRAMEWORK_HEADER = YES;
				CLANG_WARN_RANGE_LOOP_ANALYSIS = YES;
				CLANG_WARN_STRICT_PROTOTYPES = YES;
				CLANG_WARN_SUSPICIOUS_MOVE = YES;
				CLANG_WARN_UNGUARDED_AVAILABILITY = YES_AGGRESSIVE;
				CLANG_WARN_UNREACHABLE_CODE = YES;
				CLANG_WARN__DUPLICATE_METHOD_MATCH = YES;
				COPY_PHASE_STRIP = NO;
				DEBUG_INFORMATION_FORMAT = dwarf;
				ENABLE_STRICT_OBJC_MSGSEND = YES;
				ENABLE_TESTABILITY = YES;
				GCC_C_LANGUAGE_STANDARD = gnu11;
				GCC_DYNAMIC_NO_PIC = NO;
				GCC_NO_COMMON_BLOCKS = YES;
				GCC_OPTIMIZATION_LEVEL = 0;
				GCC_PREPROCESSOR_DEFINITIONS = (
					"DEBUG=1",
					"$(inherited)",
				);
				GCC_WARN_64_TO_32_BIT_CONVERSION = YES;
				GCC_WARN_ABOUT_RETURN_TYPE = YES_ERROR;
				GCC_WARN_UNDECLARED_SELECTOR = YES;
				GCC_WARN_UNINITIALIZED_AUTOS = YES_AGGRESSIVE;
				GCC_WARN_UNUSED_FUNCTION = YES;
				GCC_WARN_UNUSED_VARIABLE = YES;
				INFOPLIST_KEY_UIMainStoryboardFile = SplashScreenViewController;
				IPHONEOS_DEPLOYMENT_TARGET = 16.2;
				MTL_ENABLE_DEBUG_INFO = INCLUDE_SOURCE;
				MTL_FAST_MATH = YES;
				ONLY_ACTIVE_ARCH = YES;
				SDKROOT = iphoneos;
				SWIFT_ACTIVE_COMPILATION_CONDITIONS = DEBUG;
				SWIFT_OPTIMIZATION_LEVEL = "-Onone";
			};
			name = Debug;
		};
		570276B82A859ADE0097840C /* Release */ = {
			isa = XCBuildConfiguration;
			buildSettings = {
				ALWAYS_SEARCH_USER_PATHS = NO;
				CLANG_ANALYZER_NONNULL = YES;
				CLANG_ANALYZER_NUMBER_OBJECT_CONVERSION = YES_AGGRESSIVE;
				CLANG_CXX_LANGUAGE_STANDARD = "gnu++20";
				CLANG_ENABLE_MODULES = YES;
				CLANG_ENABLE_OBJC_ARC = YES;
				CLANG_ENABLE_OBJC_WEAK = YES;
				CLANG_WARN_BLOCK_CAPTURE_AUTORELEASING = YES;
				CLANG_WARN_BOOL_CONVERSION = YES;
				CLANG_WARN_COMMA = YES;
				CLANG_WARN_CONSTANT_CONVERSION = YES;
				CLANG_WARN_DEPRECATED_OBJC_IMPLEMENTATIONS = YES;
				CLANG_WARN_DIRECT_OBJC_ISA_USAGE = YES_ERROR;
				CLANG_WARN_DOCUMENTATION_COMMENTS = YES;
				CLANG_WARN_EMPTY_BODY = YES;
				CLANG_WARN_ENUM_CONVERSION = YES;
				CLANG_WARN_INFINITE_RECURSION = YES;
				CLANG_WARN_INT_CONVERSION = YES;
				CLANG_WARN_NON_LITERAL_NULL_CONVERSION = YES;
				CLANG_WARN_OBJC_IMPLICIT_RETAIN_SELF = YES;
				CLANG_WARN_OBJC_LITERAL_CONVERSION = YES;
				CLANG_WARN_OBJC_ROOT_CLASS = YES_ERROR;
				CLANG_WARN_QUOTED_INCLUDE_IN_FRAMEWORK_HEADER = YES;
				CLANG_WARN_RANGE_LOOP_ANALYSIS = YES;
				CLANG_WARN_STRICT_PROTOTYPES = YES;
				CLANG_WARN_SUSPICIOUS_MOVE = YES;
				CLANG_WARN_UNGUARDED_AVAILABILITY = YES_AGGRESSIVE;
				CLANG_WARN_UNREACHABLE_CODE = YES;
				CLANG_WARN__DUPLICATE_METHOD_MATCH = YES;
				COPY_PHASE_STRIP = NO;
				DEBUG_INFORMATION_FORMAT = "dwarf-with-dsym";
				ENABLE_NS_ASSERTIONS = NO;
				ENABLE_STRICT_OBJC_MSGSEND = YES;
				GCC_C_LANGUAGE_STANDARD = gnu11;
				GCC_NO_COMMON_BLOCKS = YES;
				GCC_WARN_64_TO_32_BIT_CONVERSION = YES;
				GCC_WARN_ABOUT_RETURN_TYPE = YES_ERROR;
				GCC_WARN_UNDECLARED_SELECTOR = YES;
				GCC_WARN_UNINITIALIZED_AUTOS = YES_AGGRESSIVE;
				GCC_WARN_UNUSED_FUNCTION = YES;
				GCC_WARN_UNUSED_VARIABLE = YES;
				INFOPLIST_KEY_UIMainStoryboardFile = SplashScreenViewController;
				IPHONEOS_DEPLOYMENT_TARGET = 16.2;
				MTL_ENABLE_DEBUG_INFO = NO;
				MTL_FAST_MATH = YES;
				SDKROOT = iphoneos;
				SWIFT_COMPILATION_MODE = wholemodule;
				SWIFT_OPTIMIZATION_LEVEL = "-O";
				VALIDATE_PRODUCT = YES;
			};
			name = Release;
		};
		570276BA2A859ADE0097840C /* Debug */ = {
			isa = XCBuildConfiguration;
			buildSettings = {
				ASSETCATALOG_COMPILER_APPICON_NAME = AppIcon;
				ASSETCATALOG_COMPILER_GLOBAL_ACCENT_COLOR_NAME = AccentColor;
				CODE_SIGN_STYLE = Automatic;
				CURRENT_PROJECT_VERSION = 1;
				GENERATE_INFOPLIST_FILE = YES;
				INFOPLIST_FILE = ViajAI/Info.plist;
				INFOPLIST_KEY_UIApplicationSupportsIndirectInputEvents = YES;
				INFOPLIST_KEY_UILaunchStoryboardName = LaunchScreen.storyboard;
				INFOPLIST_KEY_UIMainStoryboardFile = SplashScreenViewController;
				INFOPLIST_KEY_UISupportedInterfaceOrientations_iPad = "UIInterfaceOrientationPortrait UIInterfaceOrientationPortraitUpsideDown UIInterfaceOrientationLandscapeLeft UIInterfaceOrientationLandscapeRight";
				INFOPLIST_KEY_UISupportedInterfaceOrientations_iPhone = "UIInterfaceOrientationPortrait UIInterfaceOrientationLandscapeLeft UIInterfaceOrientationLandscapeRight";
				LD_RUNPATH_SEARCH_PATHS = (
					"$(inherited)",
					"@executable_path/Frameworks",
				);
				MARKETING_VERSION = 1.0;
				PRODUCT_BUNDLE_IDENTIFIER = app.backfront.ViajAI;
				PRODUCT_NAME = "$(TARGET_NAME)";
				SWIFT_EMIT_LOC_STRINGS = YES;
				SWIFT_VERSION = 5.0;
				TARGETED_DEVICE_FAMILY = "1,2";
			};
			name = Debug;
		};
		570276BB2A859ADE0097840C /* Release */ = {
			isa = XCBuildConfiguration;
			buildSettings = {
				ASSETCATALOG_COMPILER_APPICON_NAME = AppIcon;
				ASSETCATALOG_COMPILER_GLOBAL_ACCENT_COLOR_NAME = AccentColor;
				CODE_SIGN_STYLE = Automatic;
				CURRENT_PROJECT_VERSION = 1;
				GENERATE_INFOPLIST_FILE = YES;
				INFOPLIST_FILE = ViajAI/Info.plist;
				INFOPLIST_KEY_UIApplicationSupportsIndirectInputEvents = YES;
				INFOPLIST_KEY_UILaunchStoryboardName = LaunchScreen.storyboard;
				INFOPLIST_KEY_UIMainStoryboardFile = SplashScreenViewController;
				INFOPLIST_KEY_UISupportedInterfaceOrientations_iPad = "UIInterfaceOrientationPortrait UIInterfaceOrientationPortraitUpsideDown UIInterfaceOrientationLandscapeLeft UIInterfaceOrientationLandscapeRight";
				INFOPLIST_KEY_UISupportedInterfaceOrientations_iPhone = "UIInterfaceOrientationPortrait UIInterfaceOrientationLandscapeLeft UIInterfaceOrientationLandscapeRight";
				LD_RUNPATH_SEARCH_PATHS = (
					"$(inherited)",
					"@executable_path/Frameworks",
				);
				MARKETING_VERSION = 1.0;
				PRODUCT_BUNDLE_IDENTIFIER = app.backfront.ViajAI;
				PRODUCT_NAME = "$(TARGET_NAME)";
				SWIFT_EMIT_LOC_STRINGS = YES;
				SWIFT_VERSION = 5.0;
				TARGETED_DEVICE_FAMILY = "1,2";
			};
			name = Release;
		};
		570276BD2A859ADE0097840C /* Debug */ = {
			isa = XCBuildConfiguration;
			buildSettings = {
				ALWAYS_EMBED_SWIFT_STANDARD_LIBRARIES = YES;
				BUNDLE_LOADER = "$(TEST_HOST)";
				CODE_SIGN_STYLE = Automatic;
				CURRENT_PROJECT_VERSION = 1;
				GENERATE_INFOPLIST_FILE = YES;
				IPHONEOS_DEPLOYMENT_TARGET = 16.2;
				MARKETING_VERSION = 1.0;
				PRODUCT_BUNDLE_IDENTIFIER = app.backfront.ViajAITests;
				PRODUCT_NAME = "$(TARGET_NAME)";
				SWIFT_EMIT_LOC_STRINGS = NO;
				SWIFT_VERSION = 5.0;
				TARGETED_DEVICE_FAMILY = "1,2";
				TEST_HOST = "$(BUILT_PRODUCTS_DIR)/ViajAI.app/$(BUNDLE_EXECUTABLE_FOLDER_PATH)/ViajAI";
			};
			name = Debug;
		};
		570276BE2A859ADE0097840C /* Release */ = {
			isa = XCBuildConfiguration;
			buildSettings = {
				ALWAYS_EMBED_SWIFT_STANDARD_LIBRARIES = YES;
				BUNDLE_LOADER = "$(TEST_HOST)";
				CODE_SIGN_STYLE = Automatic;
				CURRENT_PROJECT_VERSION = 1;
				GENERATE_INFOPLIST_FILE = YES;
				IPHONEOS_DEPLOYMENT_TARGET = 16.2;
				MARKETING_VERSION = 1.0;
				PRODUCT_BUNDLE_IDENTIFIER = app.backfront.ViajAITests;
				PRODUCT_NAME = "$(TARGET_NAME)";
				SWIFT_EMIT_LOC_STRINGS = NO;
				SWIFT_VERSION = 5.0;
				TARGETED_DEVICE_FAMILY = "1,2";
				TEST_HOST = "$(BUILT_PRODUCTS_DIR)/ViajAI.app/$(BUNDLE_EXECUTABLE_FOLDER_PATH)/ViajAI";
			};
			name = Release;
		};
		570276C02A859ADE0097840C /* Debug */ = {
			isa = XCBuildConfiguration;
			buildSettings = {
				ALWAYS_EMBED_SWIFT_STANDARD_LIBRARIES = YES;
				CODE_SIGN_STYLE = Automatic;
				CURRENT_PROJECT_VERSION = 1;
				GENERATE_INFOPLIST_FILE = YES;
				MARKETING_VERSION = 1.0;
				PRODUCT_BUNDLE_IDENTIFIER = app.backfront.ViajAIUITests;
				PRODUCT_NAME = "$(TARGET_NAME)";
				SWIFT_EMIT_LOC_STRINGS = NO;
				SWIFT_VERSION = 5.0;
				TARGETED_DEVICE_FAMILY = "1,2";
				TEST_TARGET_NAME = ViajAI;
			};
			name = Debug;
		};
		570276C12A859ADE0097840C /* Release */ = {
			isa = XCBuildConfiguration;
			buildSettings = {
				ALWAYS_EMBED_SWIFT_STANDARD_LIBRARIES = YES;
				CODE_SIGN_STYLE = Automatic;
				CURRENT_PROJECT_VERSION = 1;
				GENERATE_INFOPLIST_FILE = YES;
				MARKETING_VERSION = 1.0;
				PRODUCT_BUNDLE_IDENTIFIER = app.backfront.ViajAIUITests;
				PRODUCT_NAME = "$(TARGET_NAME)";
				SWIFT_EMIT_LOC_STRINGS = NO;
				SWIFT_VERSION = 5.0;
				TARGETED_DEVICE_FAMILY = "1,2";
				TEST_TARGET_NAME = ViajAI;
			};
			name = Release;
		};
/* End XCBuildConfiguration section */

/* Begin XCConfigurationList section */
		5702768A2A859ADB0097840C /* Build configuration list for PBXProject "ViajAI" */ = {
			isa = XCConfigurationList;
			buildConfigurations = (
				570276B72A859ADE0097840C /* Debug */,
				570276B82A859ADE0097840C /* Release */,
			);
			defaultConfigurationIsVisible = 0;
			defaultConfigurationName = Release;
		};
		570276B92A859ADE0097840C /* Build configuration list for PBXNativeTarget "ViajAI" */ = {
			isa = XCConfigurationList;
			buildConfigurations = (
				570276BA2A859ADE0097840C /* Debug */,
				570276BB2A859ADE0097840C /* Release */,
			);
			defaultConfigurationIsVisible = 0;
			defaultConfigurationName = Release;
		};
		570276BC2A859ADE0097840C /* Build configuration list for PBXNativeTarget "ViajAITests" */ = {
			isa = XCConfigurationList;
			buildConfigurations = (
				570276BD2A859ADE0097840C /* Debug */,
				570276BE2A859ADE0097840C /* Release */,
			);
			defaultConfigurationIsVisible = 0;
			defaultConfigurationName = Release;
		};
		570276BF2A859ADE0097840C /* Build configuration list for PBXNativeTarget "ViajAIUITests" */ = {
			isa = XCConfigurationList;
			buildConfigurations = (
				570276C02A859ADE0097840C /* Debug */,
				570276C12A859ADE0097840C /* Release */,
			);
			defaultConfigurationIsVisible = 0;
			defaultConfigurationName = Release;
		};
/* End XCConfigurationList section */

/* Begin XCRemoteSwiftPackageReference section */
		571A3C892AEDA37800F181B8 /* XCRemoteSwiftPackageReference "GoogleSignIn-iOS" */ = {
			isa = XCRemoteSwiftPackageReference;
			repositoryURL = "https://github.com/google/GoogleSignIn-iOS";
			requirement = {
				kind = upToNextMajorVersion;
				minimumVersion = 7.0.0;
			};
		};
		5748E6972AEDD9EE00A93BB3 /* XCRemoteSwiftPackageReference "facebook-ios-sdk" */ = {
			isa = XCRemoteSwiftPackageReference;
			repositoryURL = "https://github.com/facebook/facebook-ios-sdk";
			requirement = {
				branch = main;
				kind = branch;
			};
		};
		57F645C32AE4140300E571DB /* XCRemoteSwiftPackageReference "firebase-ios-sdk" */ = {
			isa = XCRemoteSwiftPackageReference;
			repositoryURL = "https://github.com/firebase/firebase-ios-sdk";
			requirement = {
				kind = upToNextMajorVersion;
				minimumVersion = 9.0.0;
			};
		};
/* End XCRemoteSwiftPackageReference section */

/* Begin XCSwiftPackageProductDependency section */
		571A3C8A2AEDA37800F181B8 /* GoogleSignIn */ = {
			isa = XCSwiftPackageProductDependency;
			package = 571A3C892AEDA37800F181B8 /* XCRemoteSwiftPackageReference "GoogleSignIn-iOS" */;
			productName = GoogleSignIn;
		};
		571A3C8C2AEDA37800F181B8 /* GoogleSignInSwift */ = {
			isa = XCSwiftPackageProductDependency;
			package = 571A3C892AEDA37800F181B8 /* XCRemoteSwiftPackageReference "GoogleSignIn-iOS" */;
			productName = GoogleSignInSwift;
		};
		5748E6982AEDD9EE00A93BB3 /* FacebookBasics */ = {
			isa = XCSwiftPackageProductDependency;
			package = 5748E6972AEDD9EE00A93BB3 /* XCRemoteSwiftPackageReference "facebook-ios-sdk" */;
			productName = FacebookBasics;
		};
		5748E69A2AEDD9EE00A93BB3 /* FacebookCore */ = {
			isa = XCSwiftPackageProductDependency;
			package = 5748E6972AEDD9EE00A93BB3 /* XCRemoteSwiftPackageReference "facebook-ios-sdk" */;
			productName = FacebookCore;
		};
		5748E69C2AEDD9EE00A93BB3 /* FacebookLogin */ = {
			isa = XCSwiftPackageProductDependency;
			package = 5748E6972AEDD9EE00A93BB3 /* XCRemoteSwiftPackageReference "facebook-ios-sdk" */;
			productName = FacebookLogin;
		};
		57F645C42AE4140300E571DB /* FirebaseAuth */ = {
			isa = XCSwiftPackageProductDependency;
			package = 57F645C32AE4140300E571DB /* XCRemoteSwiftPackageReference "firebase-ios-sdk" */;
			productName = FirebaseAuth;
		};
/* End XCSwiftPackageProductDependency section */
	};
	rootObject = 570276872A859ADB0097840C /* Project object */;
}
